// !$*UTF8*$!
{
	archiveVersion = 1;
	classes = {
	};
	objectVersion = 46;
	objects = {

/* Begin PBXBuildFile section */
		01C42F8C1A718B5000D79CD5 /* Ingredient.m in Sources */ = {isa = PBXBuildFile; fileRef = 01C42F8B1A718B5000D79CD5 /* Ingredient.m */; };
		01C42F8F1A718D1C00D79CD5 /* Recipe.m in Sources */ = {isa = PBXBuildFile; fileRef = 01C42F8E1A718D1C00D79CD5 /* Recipe.m */; };
		01FCCE3E1A701043007717C2 /* main.m in Sources */ = {isa = PBXBuildFile; fileRef = 01FCCE3D1A701043007717C2 /* main.m */; };
/* End PBXBuildFile section */

/* Begin PBXCopyFilesBuildPhase section */
		01FCCE381A701043007717C2 /* CopyFiles */ = {
			isa = PBXCopyFilesBuildPhase;
			buildActionMask = 2147483647;
			dstPath = /usr/share/man/man1/;
			dstSubfolderSpec = 0;
			files = (
			);
			runOnlyForDeploymentPostprocessing = 1;
		};
/* End PBXCopyFilesBuildPhase section */

/* Begin PBXFileReference section */
		01C42F8A1A718B5000D79CD5 /* Ingredient.h */ = {isa = PBXFileReference; fileEncoding = 4; lastKnownFileType = sourcecode.c.h; path = Ingredient.h; sourceTree = "<group>"; };
		01C42F8B1A718B5000D79CD5 /* Ingredient.m */ = {isa = PBXFileReference; fileEncoding = 4; lastKnownFileType = sourcecode.c.objc; path = Ingredient.m; sourceTree = "<group>"; };
		01C42F8D1A718D1C00D79CD5 /* Recipe.h */ = {isa = PBXFileReference; fileEncoding = 4; lastKnownFileType = sourcecode.c.h; path = Recipe.h; sourceTree = "<group>"; };
		01C42F8E1A718D1C00D79CD5 /* Recipe.m */ = {isa = PBXFileReference; fileEncoding = 4; lastKnownFileType = sourcecode.c.objc; path = Recipe.m; sourceTree = "<group>"; };
		01FCCE3A1A701043007717C2 /* PrintRecipe */ = {isa = PBXFileReference; explicitFileType = "compiled.mach-o.executable"; includeInIndex = 0; path = PrintRecipe; sourceTree = BUILT_PRODUCTS_DIR; };
		01FCCE3D1A701043007717C2 /* main.m */ = {isa = PBXFileReference; lastKnownFileType = sourcecode.c.objc; path = main.m; sourceTree = "<group>"; };
/* End PBXFileReference section */

/* Begin PBXFrameworksBuildPhase section */
		01FCCE371A701043007717C2 /* Frameworks */ = {
			isa = PBXFrameworksBuildPhase;
			buildActionMask = 2147483647;
			files = (
			);
			runOnlyForDeploymentPostprocessing = 0;
		};
/* End PBXFrameworksBuildPhase section */

/* Begin PBXGroup section */
		01C42F891A718B4000D79CD5 /* Entity */ = {
			isa = PBXGroup;
			children = (
				01C42F8A1A718B5000D79CD5 /* Ingredient.h */,
				01C42F8B1A718B5000D79CD5 /* Ingredient.m */,
				01C42F8D1A718D1C00D79CD5 /* Recipe.h */,
				01C42F8E1A718D1C00D79CD5 /* Recipe.m */,
			);
			name = Entity;
			sourceTree = "<group>";
		};
		01FCCE311A701043007717C2 = {
			isa = PBXGroup;
			children = (
				01FCCE3C1A701043007717C2 /* PrintRecipe */,
				01FCCE3B1A701043007717C2 /* Products */,
			);
			sourceTree = "<group>";
		};
		01FCCE3B1A701043007717C2 /* Products */ = {
			isa = PBXGroup;
			children = (
				01FCCE3A1A701043007717C2 /* PrintRecipe */,
			);
			name = Products;
			sourceTree = "<group>";
		};
		01FCCE3C1A701043007717C2 /* PrintRecipe */ = {
			isa = PBXGroup;
			children = (
				01C42F891A718B4000D79CD5 /* Entity */,
				01FCCE3D1A701043007717C2 /* main.m */,
			);
			path = PrintRecipe;
			sourceTree = "<group>";
		};
/* End PBXGroup section */

/* Begin PBXNativeTarget section */
		01FCCE391A701043007717C2 /* PrintRecipe */ = {
			isa = PBXNativeTarget;
			buildConfigurationList = 01FCCE411A701043007717C2 /* Build configuration list for PBXNativeTarget "PrintRecipe" */;
			buildPhases = (
				01FCCE361A701043007717C2 /* Sources */,
				01FCCE371A701043007717C2 /* Frameworks */,
				01FCCE381A701043007717C2 /* CopyFiles */,
			);
			buildRules = (
			);
			dependencies = (
			);
			name = PrintRecipe;
			productName = PrintRecipe;
			productReference = 01FCCE3A1A701043007717C2 /* PrintRecipe */;
			productType = "com.apple.product-type.tool";
		};
/* End PBXNativeTarget section */

/* Begin PBXProject section */
		01FCCE321A701043007717C2 /* Project object */ = {
			isa = PBXProject;
			attributes = {
				LastUpgradeCheck = 0610;
				ORGANIZATIONNAME = "Julian Alonso";
				TargetAttributes = {
					01FCCE391A701043007717C2 = {
						CreatedOnToolsVersion = 6.1.1;
					};
				};
			};
			buildConfigurationList = 01FCCE351A701043007717C2 /* Build configuration list for PBXProject "PrintRecipe" */;
			compatibilityVersion = "Xcode 3.2";
			developmentRegion = English;
			hasScannedForEncodings = 0;
			knownRegions = (
				en,
			);
			mainGroup = 01FCCE311A701043007717C2;
			productRefGroup = 01FCCE3B1A701043007717C2 /* Products */;
			projectDirPath = "";
			projectRoot = "";
			targets = (
				01FCCE391A701043007717C2 /* PrintRecipe */,
			);
		};
/* End PBXProject section */

/* Begin PBXSourcesBuildPhase section */
		01FCCE361A701043007717C2 /* Sources */ = {
			isa = PBXSourcesBuildPhase;
			buildActionMask = 2147483647;
			files = (
				01C42F8C1A718B5000D79CD5 /* Ingredient.m in Sources */,
				01C42F8F1A718D1C00D79CD5 /* Recipe.m in Sources */,
				01FCCE3E1A701043007717C2 /* main.m in Sources */,
			);
			runOnlyForDeploymentPostprocessing = 0;
		};
/* End PBXSourcesBuildPhase section */

/* Begin XCBuildConfiguration section */
		01FCCE3F1A701043007717C2 /* Debug */ = {
			isa = XCBuildConfiguration;
			buildSettings = {
				ALWAYS_SEARCH_USER_PATHS = NO;
				CLANG_CXX_LANGUAGE_STANDARD = "gnu++0x";
				CLANG_CXX_LIBRARY = "libc++";
				CLANG_ENABLE_MODULES = YES;
				CLANG_ENABLE_OBJC_ARC = YES;
				CLANG_WARN_BOOL_CONVERSION = YES;
				CLANG_WARN_CONSTANT_CONVERSION = YES;
				CLANG_WARN_DIRECT_OBJC_ISA_USAGE = YES_ERROR;
				CLANG_WARN_EMPTY_BODY = YES;
				CLANG_WARN_ENUM_CONVERSION = YES;
				CLANG_WARN_INT_CONVERSION = YES;
				CLANG_WARN_OBJC_ROOT_CLASS = YES_ERROR;
				CLANG_WARN_UNREACHABLE_CODE = YES;
				CLANG_WARN__DUPLICATE_METHOD_MATCH = YES;
				COPY_PHASE_STRIP = NO;
				ENABLE_STRICT_OBJC_MSGSEND = YES;
				GCC_C_LANGUAGE_STANDARD = gnu99;
				GCC_DYNAMIC_NO_PIC = NO;
				GCC_OPTIMIZATION_LEVEL = 0;
				GCC_PREPROCESSOR_DEFINITIONS = (
					"DEBUG=1",
					"$(inherited)",
				);
				GCC_SYMBOLS_PRIVATE_EXTERN = NO;
				GCC_WARN_64_TO_32_BIT_CONVERSION = YES;
				GCC_WARN_ABOUT_RETURN_TYPE = YES_ERROR;
				GCC_WARN_UNDECLARED_SELECTOR = YES;
				GCC_WARN_UNINITIALIZED_AUTOS = YES_AGGRESSIVE;
				GCC_WARN_UNUSED_FUNCTION = YES;
				GCC_WARN_UNUSED_VARIABLE = YES;
				MACOSX_DEPLOYMENT_TARGET = 10.10;
				MTL_ENABLE_DEBUG_INFO = YES;
				ONLY_ACTIVE_ARCH = YES;
				SDKROOT = macosx;
			};
			name = Debug;
		};
		01FCCE401A701043007717C2 /* Release */ = {
			isa = XCBuildConfiguration;
			buildSettings = {
				ALWAYS_SEARCH_USER_PATHS = NO;
				CLANG_CXX_LANGUAGE_STANDARD = "gnu++0x";
				CLANG_CXX_LIBRARY = "libc++";
				CLANG_ENABLE_MODULES = YES;
				CLANG_ENABLE_OBJC_ARC = YES;
				CLANG_WARN_BOOL_CONVERSION = YES;
				CLANG_WARN_CONSTANT_CONVERSION = YES;
				CLANG_WARN_DIRECT_OBJC_ISA_USAGE = YES_ERROR;
				CLANG_WARN_EMPTY_BODY = YES;
				CLANG_WARN_ENUM_CONVERSION = YES;
				CLANG_WARN_INT_CONVERSION = YES;
				CLANG_WARN_OBJC_ROOT_CLASS = YES_ERROR;
				CLANG_WARN_UNREACHABLE_CODE = YES;
				CLANG_WARN__DUPLICATE_METHOD_MATCH = YES;
				COPY_PHASE_STRIP = YES;
				DEBUG_INFORMATION_FORMAT = "dwarf-with-dsym";
				ENABLE_NS_ASSERTIONS = NO;
				ENABLE_STRICT_OBJC_MSGSEND = YES;
				GCC_C_LANGUAGE_STANDARD = gnu99;
				GCC_WARN_64_TO_32_BIT_CONVERSION = YES;
				GCC_WARN_ABOUT_RETURN_TYPE = YES_ERROR;
				GCC_WARN_UNDECLARED_SELECTOR = YES;
				GCC_WARN_UNINITIALIZED_AUTOS = YES_AGGRESSIVE;
				GCC_WARN_UNUSED_FUNCTION = YES;
				GCC_WARN_UNUSED_VARIABLE = YES;
				MACOSX_DEPLOYMENT_TARGET = 10.10;
				MTL_ENABLE_DEBUG_INFO = NO;
				SDKROOT = macosx;
			};
			name = Release;
		};
		01FCCE421A701043007717C2 /* Debug */ = {
			isa = XCBuildConfiguration;
			buildSettings = {
				PRODUCT_NAME = "$(TARGET_NAME)";
			};
			name = Debug;
		};
		01FCCE431A701043007717C2 /* Release */ = {
			isa = XCBuildConfiguration;
			buildSettings = {
				PRODUCT_NAME = "$(TARGET_NAME)";
			};
			name = Release;
		};
/* End XCBuildConfiguration section */

/* Begin XCConfigurationList section */
		01FCCE351A701043007717C2 /* Build configuration list for PBXProject "PrintRecipe" */ = {
			isa = XCConfigurationList;
			buildConfigurations = (
				01FCCE3F1A701043007717C2 /* Debug */,
				01FCCE401A701043007717C2 /* Release */,
			);
			defaultConfigurationIsVisible = 0;
			defaultConfigurationName = Release;
		};
		01FCCE411A701043007717C2 /* Build configuration list for PBXNativeTarget "PrintRecipe" */ = {
			isa = XCConfigurationList;
			buildConfigurations = (
				01FCCE421A701043007717C2 /* Debug */,
				01FCCE431A701043007717C2 /* Release */,
			);
			defaultConfigurationIsVisible = 0;
			defaultConfigurationName = Release;
		};
/* End XCConfigurationList section */
	};
	rootObject = 01FCCE321A701043007717C2 /* Project object */;
}
